
Microsoft Visual Studio Solution File, Format Version 12.00
# Visual Studio Version 17
VisualStudioVersion = 17.3.32901.215
MinimumVisualStudioVersion = 10.0.40219.1
Project("{9A19103F-16F7-4668-BE54-9A1E7A4F7556}") = "BlogProject", "BlogProject.csproj", "{74D31A16-994B-4436-B995-997ECBB5634B}"
EndProject
Project("{9A19103F-16F7-4668-BE54-9A1E7A4F7556}") = "API", "..\API\API.csproj", "{EBE60DB1-FFCE-4666-A123-B7500F4F77A8}"
	ProjectSection(ProjectDependencies) = postProject
		{74D31A16-994B-4436-B995-997ECBB5634B} = {74D31A16-994B-4436-B995-997ECBB5634B}
	EndProjectSection
EndProject
Global
	GlobalSection(SolutionConfigurationPlatforms) = preSolution
		Debug|Any CPU = Debug|Any CPU
		Release|Any CPU = Release|Any CPU
	EndGlobalSection
	GlobalSection(ProjectConfigurationPlatforms) = postSolution
		{74D31A16-994B-4436-B995-997ECBB5634B}.Debug|Any CPU.ActiveCfg = Debug|Any CPU
		{74D31A16-994B-4436-B995-997ECBB5634B}.Debug|Any CPU.Build.0 = Debug|Any CPU
		{74D31A16-994B-4436-B995-997ECBB5634B}.Release|Any CPU.ActiveCfg = Release|Any CPU
		{74D31A16-994B-4436-B995-997ECBB5634B}.Release|Any CPU.Build.0 = Release|Any CPU
		{EBE60DB1-FFCE-4666-A123-B7500F4F77A8}.Debug|Any CPU.ActiveCfg = Debug|Any CPU
		{EBE60DB1-FFCE-4666-A123-B7500F4F77A8}.Debug|Any CPU.Build.0 = Debug|Any CPU
		{EBE60DB1-FFCE-4666-A123-B7500F4F77A8}.Release|Any CPU.ActiveCfg = Release|Any CPU
		{EBE60DB1-FFCE-4666-A123-B7500F4F77A8}.Release|Any CPU.Build.0 = Release|Any CPU
	EndGlobalSection
	GlobalSection(SolutionProperties) = preSolution
		HideSolutionNode = FALSE
	EndGlobalSection
	GlobalSection(ExtensibilityGlobals) = postSolution
		SolutionGuid = {0EC3F41F-1317-440E-9D0F-782237F2ADC9}
	EndGlobalSection
EndGlobal
